hash: 4a80b326d9509a5aa57261c7fd8f15e457b0e7253604ce5efa38583e7bcb48ad
updated: 2017-01-04T09:33:36.281781443Z
imports:
- name: github.com/aristanetworks/goarista
  version: 34c98d5e5f9b0c0a627fb48fd28ec6392dae5dbf
  subpackages:
  - monotime
- name: github.com/btcsuite/btcd
  version: 9f962b60d68c1e0d7ccfc9898c9c5b514253d753
  subpackages:
  - btcec
- name: github.com/btcsuite/fastsha256
  version: 637e656429416087660c84436a2a035d69d54e2e
- name: github.com/BurntSushi/toml
  version: 99064174e013895bbd9b025c31100bd1d9b590ca
- name: github.com/ethereum/ethash
  version: 214d4c008e101d4f7b18318389fb8c2e00323f24
- name: github.com/ethereum/go-ethereum
  version: ff07d54843ea7ed9997c420d216b4c007f9c80c3
  subpackages:
  - accounts
  - cmd/utils
  - common
  - common/compiler
  - common/hexutil
  - common/math
  - common/mclock
  - core
  - core/state
  - core/types
  - core/vm
  - crypto
  - crypto/ecies
  - crypto/randentropy
  - crypto/secp256k1
  - crypto/sha3
  - eth
  - eth/downloader
  - eth/fetcher
  - eth/filters
  - eth/gasprice
  - ethdb
  - ethstats
  - event
  - event/filter
  - internal/debug
  - internal/ethapi
  - les
  - les/flowcontrol
  - light
  - logger
  - logger/glog
  - metrics
  - miner
  - node
  - p2p
  - p2p/discover
  - p2p/discv5
  - p2p/nat
  - p2p/netutil
  - params
  - pow
  - rlp
  - rpc
  - trie
  - whisper/whisperv2
- name: github.com/go-stack/stack
  version: 100eb0c0a9c5b306ca2fb4f165df21d80ada4b82
- name: github.com/golang/protobuf
  version: 8ee79997227bf9b34611aee7946ae64735e6fd93
  subpackages:
  - proto
- name: github.com/golang/snappy
  version: d9eb7a3d35ec988b8585d4a0068e462c27d28380
- name: github.com/gorilla/context
  version: 08b5f424b9271eedf6f9f0ce86cb9396ed337a42
- name: github.com/gorilla/mux
  version: 0eeaf8392f5b04950925b8a69fe70f110fa7cbfc
- name: github.com/gorilla/websocket
  version: adf16b31781325cbd41085c5be901d95b4d1f33d
- name: github.com/hashicorp/golang-lru
  version: 0a025b7e63adc15a622f29b0b2c4c3848243bbf6
  subpackages:
  - simplelru
- name: github.com/huin/goupnp
  version: 679507af18f3c7ba2bcc7905392ce23e148661c3
  subpackages:
  - dcps/internetgateway1
  - dcps/internetgateway2
  - httpu
  - scpd
  - soap
  - ssdp
- name: github.com/jackpal/go-nat-pmp
  version: 1fa385a6f45828c83361136b45b1a21a12139493
- name: github.com/mattn/go-colorable
  version: d228849504861217f796da67fae4f6e347643f15
- name: github.com/mattn/go-isatty
  version: 30a891c33c7cde7b02a981314b4228ec99380cca
- name: github.com/pborman/uuid
  version: 5007efa264d92316c43112bc573e754bc889b7b1
- name: github.com/rcrowley/go-metrics
  version: 1f30fe9094a513ce4c700b9a54458bbb0c96996c
  subpackages:
  - exp
- name: github.com/rjeczalik/notify
  version: 7e20c15e6693a7d6ad269a94b70ed68bc4a875a7
- name: github.com/robertkrimen/otto
  version: bf1c3795ba078da6905fe80bfbc3ed3d8c36e9aa
  subpackages:
  - ast
  - dbg
  - file
  - parser
  - registry
  - token
- name: github.com/rs/cors
  version: a62a804a8a009876ca59105f7899938a1349f4b3
- name: github.com/rs/xhandler
  version: ed27b6fd65218132ee50cd95f38474a3d8a2cd12
- name: github.com/syndtr/goleveldb
  version: 23851d93a2292dcc56e71a18ec9e0624d84a0f65
  subpackages:
  - leveldb
  - leveldb/cache
  - leveldb/comparer
  - leveldb/errors
  - leveldb/filter
  - leveldb/iterator
  - leveldb/journal
  - leveldb/memdb
  - leveldb/opt
  - leveldb/storage
  - leveldb/table
  - leveldb/util
- name: github.com/tendermint/ed25519
  version: 1f52c6f8b8a5c7908aff4497c186af344b428925
  subpackages:
  - edwards25519
  - extra25519
- name: github.com/tendermint/go-clist
  version: 3baa390bbaf7634251c42ad69a8682e7e3990552
- name: github.com/tendermint/go-common
  version: a552e49b501bd438ed0055e180371b452aa2cfed
- name: github.com/tendermint/go-config
  version: e64b424499acd0eb9856b88e10c0dff41628c0d6
- name: github.com/tendermint/go-crypto
  version: 4b11d62bdb324027ea01554e5767b71174680ba0
- name: github.com/tendermint/go-db
  version: 31fdd21c7eaeed53e0ea7ca597fb1e960e2988a5
- name: github.com/tendermint/go-events
  version: 1c85cb98a4e8ca9e92fe585bc9687fd69b98f841
- name: github.com/tendermint/go-flowrate
  version: a20c98e61957faa93b4014fbd902f20ab9317a6a
  subpackages:
  - flowrate
- name: github.com/tendermint/go-logger
  version: cefb3a45c0bf3c493a04e9bcd9b1540528be59f2
- name: github.com/tendermint/go-merkle
  version: 05042c6ab9cad51d12e4cecf717ae68e3b1409a8
- name: github.com/tendermint/go-p2p
  version: eab2baa363de01b052b88c559e803776cd2c7dd6
  subpackages:
  - upnp
- name: github.com/tendermint/go-rpc
  version: e6e3853dc711b8ad92109cf9ea31319588b94fe0
  subpackages:
  - server
  - types
- name: github.com/tendermint/go-wire
  version: 2f3b7aafe21c80b19b6ee3210ecb3e3d07c7a471
- name: github.com/tendermint/log15
  version: ae0f3d6450da9eac7074b439c8e1c3cabf0d5ce6
  subpackages:
  - term
- name: github.com/tendermint/tendermint
  version: 55b47bcb8e2369c49898930bf68bec2c3357409a
  subpackages:
  - blockchain
  - config/tendermint
  - consensus
  - mempool
  - node
  - proxy
  - rpc/core
  - rpc/core/types
  - state
  - types
  - version
- name: github.com/tendermint/tmsp
  version: b0a17b18042cdc82a6a123fe44b68041f23f2282
  subpackages:
  - client
  - example/dummy
  - example/nil
  - server
  - types
- name: golang.org/x/crypto
  version: f6b343c37ca80bfa8ea539da67a0b621f84fab1d
  subpackages:
  - curve25519
  - nacl/box
  - nacl/secretbox
  - openpgp/armor
  - openpgp/errors
  - pbkdf2
  - poly1305
  - ripemd160
  - salsa20/salsa
  - scrypt
- name: golang.org/x/net
  version: 69d4b8aa71caaaa75c3dfc11211d1be495abec7c
  subpackages:
  - context
  - html
  - html/atom
  - html/charset
  - http2
  - http2/hpack
  - idna
  - internal/timeseries
  - lex/httplex
  - trace
  - websocket
- name: golang.org/x/sys
  version: d75a52659825e75fff6158388dddc6a5b04f9ba5
  subpackages:
  - unix
- name: golang.org/x/text
  version: fd889fe3a20f4878f5f47672fd3ca5b86db005e2
  subpackages:
  - encoding
  - encoding/charmap
  - encoding/htmlindex
  - encoding/internal
  - encoding/internal/identifier
  - encoding/japanese
  - encoding/korean
  - encoding/simplifiedchinese
  - encoding/traditionalchinese
  - encoding/unicode
  - internal/tag
  - internal/utf8internal
  - language
  - runes
  - transform
- name: google.golang.org/grpc
  version: c8105071640ef29fce843ed96983e864bb18eb0e
  subpackages:
  - codes
  - credentials
  - grpclog
  - internal
  - metadata
  - naming
  - peer
  - stats
  - tap
  - transport
- name: gopkg.in/fatih/set.v0
  version: 27c40922c40b43fe04554d8223a402af3ea333f3
- name: gopkg.in/karalabe/cookiejar.v2
  version: 8dcd6a7f4951f6ff3ee9cbb919a06d8925822e57
  subpackages:
  - collections/prque
- name: gopkg.in/natefinch/npipe.v2
  version: c1b8fa8bdccecb0b8db834ee0b92fdbcfa606dd6
- name: gopkg.in/sourcemap.v1
  version: eef8f47ab679652a7d3a4ee34c34314d255d2536
  subpackages:
  - base64vlq
- name: gopkg.in/urfave/cli.v1
  version: 0bdeddeeb0f650497d603c4ad7b20cfe685682f6
testImports: []
